
Microsoft Visual Studio Solution File, Format Version 12.00
# Visual Studio 15
VisualStudioVersion = 15.0.27428.2027
MinimumVisualStudioVersion = 10.0.40219.1
Project("{FAE04EC0-301F-11D3-BF4B-00C04F79EFBC}") = "ShopingCenter", "ShopingCenter\ShopingCenter.csproj", "{5EEA7F2D-226C-4B6D-A0CB-71B4BFDE34BA}"
EndProject
Project("{FAE04EC0-301F-11D3-BF4B-00C04F79EFBC}") = "CountSymbols", "CountSymbols\CountSymbols.csproj", "{6AED3FCC-8CFC-47A3-ACA7-1EBEE080C0E8}"
EndProject
Global
	GlobalSection(SolutionConfigurationPlatforms) = preSolution
		Debug|Any CPU = Debug|Any CPU
		Release|Any CPU = Release|Any CPU
	EndGlobalSection
	GlobalSection(ProjectConfigurationPlatforms) = postSolution
		{5EEA7F2D-226C-4B6D-A0CB-71B4BFDE34BA}.Debug|Any CPU.ActiveCfg = Debug|Any CPU
		{5EEA7F2D-226C-4B6D-A0CB-71B4BFDE34BA}.Debug|Any CPU.Build.0 = Debug|Any CPU
		{5EEA7F2D-226C-4B6D-A0CB-71B4BFDE34BA}.Release|Any CPU.ActiveCfg = Release|Any CPU
		{5EEA7F2D-226C-4B6D-A0CB-71B4BFDE34BA}.Release|Any CPU.Build.0 = Release|Any CPU
		{6AED3FCC-8CFC-47A3-ACA7-1EBEE080C0E8}.Debug|Any CPU.ActiveCfg = Debug|Any CPU
		{6AED3FCC-8CFC-47A3-ACA7-1EBEE080C0E8}.Debug|Any CPU.Build.0 = Debug|Any CPU
		{6AED3FCC-8CFC-47A3-ACA7-1EBEE080C0E8}.Release|Any CPU.ActiveCfg = Release|Any CPU
		{6AED3FCC-8CFC-47A3-ACA7-1EBEE080C0E8}.Release|Any CPU.Build.0 = Release|Any CPU
	EndGlobalSection
	GlobalSection(SolutionProperties) = preSolution
		HideSolutionNode = FALSE
	EndGlobalSection
	GlobalSection(ExtensibilityGlobals) = postSolution
		SolutionGuid = {41C21F71-A996-425E-B6B8-5B40A88EFF61}
	EndGlobalSection
EndGlobal
